// !$*UTF8*$!
{
	archiveVersion = 1;
	classes = {
	};
	objectVersion = 46;
	objects = {

/* Begin PBXBuildFile section */
		859D4BABEDC3B392C1318D9D /* libPods.a in Frameworks */ = {isa = PBXBuildFile; fileRef = E99DCF395EEDE0707CABF9EE /* libPods.a */; };
		A661E8171A2C8CCF0064AE56 /* owlicon.png in Resources */ = {isa = PBXBuildFile; fileRef = A661E8161A2C8CCF0064AE56 /* owlicon.png */; };
		A661E8261A2C99E90064AE56 /* HeaderTableViewCell.m in Sources */ = {isa = PBXBuildFile; fileRef = A661E8251A2C99E90064AE56 /* HeaderTableViewCell.m */; };
		A667EB9E1A2CA79A00DE5ADE /* ApiManager.m in Sources */ = {isa = PBXBuildFile; fileRef = A667EB9D1A2CA79A00DE5ADE /* ApiManager.m */; };
		A6807D9A1A58CFD900D2DCF3 /* CinemaListTableViewController.m in Sources */ = {isa = PBXBuildFile; fileRef = A6807D991A58CFD900D2DCF3 /* CinemaListTableViewController.m */; };
		A6807D9D1A58D0E800D2DCF3 /* CinemaListTableViewCell.m in Sources */ = {isa = PBXBuildFile; fileRef = A6807D9C1A58D0E800D2DCF3 /* CinemaListTableViewCell.m */; };
		A6807DA61A5945D900D2DCF3 /* SessionsTableViewController.m in Sources */ = {isa = PBXBuildFile; fileRef = A6807DA51A5945D900D2DCF3 /* SessionsTableViewController.m */; };
		A6807DA91A59468B00D2DCF3 /* SessionTableViewCell.m in Sources */ = {isa = PBXBuildFile; fileRef = A6807DA81A59468B00D2DCF3 /* SessionTableViewCell.m */; };
		A6807DAD1A59499B00D2DCF3 /* MovieTableViewController.m in Sources */ = {isa = PBXBuildFile; fileRef = A6807DAC1A59499B00D2DCF3 /* MovieTableViewController.m */; };
		A6807DB51A5A74D900D2DCF3 /* MoviesListCollectionViewController.m in Sources */ = {isa = PBXBuildFile; fileRef = A6807DB41A5A74D900D2DCF3 /* MoviesListCollectionViewController.m */; };
		A6807DB81A5A756500D2DCF3 /* MoviesListCollectionViewCell.m in Sources */ = {isa = PBXBuildFile; fileRef = A6807DB71A5A756500D2DCF3 /* MoviesListCollectionViewCell.m */; };
		A6807DBB1A5A7B4000D2DCF3 /* Main.storyboard in Resources */ = {isa = PBXBuildFile; fileRef = A6807DB91A5A7B4000D2DCF3 /* Main.storyboard */; };
		A6807DBE1A5A88F300D2DCF3 /* HeaderCollectionReusableView.m in Sources */ = {isa = PBXBuildFile; fileRef = A6807DBD1A5A88F300D2DCF3 /* HeaderCollectionReusableView.m */; };
		A6807DC11A5AE30500D2DCF3 /* MoviePlayingViewController.m in Sources */ = {isa = PBXBuildFile; fileRef = A6807DC01A5AE30500D2DCF3 /* MoviePlayingViewController.m */; };
		A68961A21A29EF6300DC7E87 /* main.m in Sources */ = {isa = PBXBuildFile; fileRef = A68961A11A29EF6300DC7E87 /* main.m */; };
		A68961A51A29EF6300DC7E87 /* AppDelegate.m in Sources */ = {isa = PBXBuildFile; fileRef = A68961A41A29EF6300DC7E87 /* AppDelegate.m */; };
		A68961B01A29EF6300DC7E87 /* Images.xcassets in Resources */ = {isa = PBXBuildFile; fileRef = A68961AF1A29EF6300DC7E87 /* Images.xcassets */; };
		A68961B31A29EF6300DC7E87 /* LaunchScreen.xib in Resources */ = {isa = PBXBuildFile; fileRef = A68961B11A29EF6300DC7E87 /* LaunchScreen.xib */; };
		A68961BF1A29EF6300DC7E87 /* MoviesOwlTests.m in Sources */ = {isa = PBXBuildFile; fileRef = A68961BE1A29EF6300DC7E87 /* MoviesOwlTests.m */; };
		A68961CE1A29F89800DC7E87 /* MovieListTableViewCell.m in Sources */ = {isa = PBXBuildFile; fileRef = A68961CD1A29F89800DC7E87 /* MovieListTableViewCell.m */; };
		A68961D11A29F9AE00DC7E87 /* MovieListTableViewController.m in Sources */ = {isa = PBXBuildFile; fileRef = A68961D01A29F9AE00DC7E87 /* MovieListTableViewController.m */; };
/* End PBXBuildFile section */

/* Begin PBXContainerItemProxy section */
		A68961B91A29EF6300DC7E87 /* PBXContainerItemProxy */ = {
			isa = PBXContainerItemProxy;
			containerPortal = A68961941A29EF6200DC7E87 /* Project object */;
			proxyType = 1;
			remoteGlobalIDString = A689619B1A29EF6200DC7E87;
			remoteInfo = MoviesOwl;
		};
/* End PBXContainerItemProxy section */

/* Begin PBXFileReference section */
		6A13E0B1F62C7BCD1771ABEF /* Pods.release.xcconfig */ = {isa = PBXFileReference; includeInIndex = 1; lastKnownFileType = text.xcconfig; name = Pods.release.xcconfig; path = "Pods/Target Support Files/Pods/Pods.release.xcconfig"; sourceTree = "<group>"; };
		9914359D19C8526F7279FB6D /* Pods.debug.xcconfig */ = {isa = PBXFileReference; includeInIndex = 1; lastKnownFileType = text.xcconfig; name = Pods.debug.xcconfig; path = "Pods/Target Support Files/Pods/Pods.debug.xcconfig"; sourceTree = "<group>"; };
		A661E8161A2C8CCF0064AE56 /* owlicon.png */ = {isa = PBXFileReference; lastKnownFileType = image.png; path = owlicon.png; sourceTree = "<group>"; };
		A661E8241A2C99E90064AE56 /* HeaderTableViewCell.h */ = {isa = PBXFileReference; fileEncoding = 4; lastKnownFileType = sourcecode.c.h; path = HeaderTableViewCell.h; sourceTree = "<group>"; };
		A661E8251A2C99E90064AE56 /* HeaderTableViewCell.m */ = {isa = PBXFileReference; fileEncoding = 4; lastKnownFileType = sourcecode.c.objc; path = HeaderTableViewCell.m; sourceTree = "<group>"; };
		A667EB9C1A2CA79A00DE5ADE /* ApiManager.h */ = {isa = PBXFileReference; fileEncoding = 4; lastKnownFileType = sourcecode.c.h; path = ApiManager.h; sourceTree = "<group>"; };
		A667EB9D1A2CA79A00DE5ADE /* ApiManager.m */ = {isa = PBXFileReference; fileEncoding = 4; lastKnownFileType = sourcecode.c.objc; path = ApiManager.m; sourceTree = "<group>"; };
		A6807D981A58CFD900D2DCF3 /* CinemaListTableViewController.h */ = {isa = PBXFileReference; fileEncoding = 4; lastKnownFileType = sourcecode.c.h; path = CinemaListTableViewController.h; sourceTree = "<group>"; };
		A6807D991A58CFD900D2DCF3 /* CinemaListTableViewController.m */ = {isa = PBXFileReference; fileEncoding = 4; lastKnownFileType = sourcecode.c.objc; path = CinemaListTableViewController.m; sourceTree = "<group>"; };
		A6807D9B1A58D0E800D2DCF3 /* CinemaListTableViewCell.h */ = {isa = PBXFileReference; fileEncoding = 4; lastKnownFileType = sourcecode.c.h; path = CinemaListTableViewCell.h; sourceTree = "<group>"; };
		A6807D9C1A58D0E800D2DCF3 /* CinemaListTableViewCell.m */ = {isa = PBXFileReference; fileEncoding = 4; lastKnownFileType = sourcecode.c.objc; path = CinemaListTableViewCell.m; sourceTree = "<group>"; };
		A6807DA41A5945D900D2DCF3 /* SessionsTableViewController.h */ = {isa = PBXFileReference; fileEncoding = 4; lastKnownFileType = sourcecode.c.h; path = SessionsTableViewController.h; sourceTree = "<group>"; };
		A6807DA51A5945D900D2DCF3 /* SessionsTableViewController.m */ = {isa = PBXFileReference; fileEncoding = 4; lastKnownFileType = sourcecode.c.objc; path = SessionsTableViewController.m; sourceTree = "<group>"; };
		A6807DA71A59468B00D2DCF3 /* SessionTableViewCell.h */ = {isa = PBXFileReference; fileEncoding = 4; lastKnownFileType = sourcecode.c.h; path = SessionTableViewCell.h; sourceTree = "<group>"; };
		A6807DA81A59468B00D2DCF3 /* SessionTableViewCell.m */ = {isa = PBXFileReference; fileEncoding = 4; lastKnownFileType = sourcecode.c.objc; path = SessionTableViewCell.m; sourceTree = "<group>"; };
		A6807DAB1A59499B00D2DCF3 /* MovieTableViewController.h */ = {isa = PBXFileReference; fileEncoding = 4; lastKnownFileType = sourcecode.c.h; path = MovieTableViewController.h; sourceTree = "<group>"; };
		A6807DAC1A59499B00D2DCF3 /* MovieTableViewController.m */ = {isa = PBXFileReference; fileEncoding = 4; lastKnownFileType = sourcecode.c.objc; path = MovieTableViewController.m; sourceTree = "<group>"; };
		A6807DB31A5A74D900D2DCF3 /* MoviesListCollectionViewController.h */ = {isa = PBXFileReference; fileEncoding = 4; lastKnownFileType = sourcecode.c.h; path = MoviesListCollectionViewController.h; sourceTree = "<group>"; };
		A6807DB41A5A74D900D2DCF3 /* MoviesListCollectionViewController.m */ = {isa = PBXFileReference; fileEncoding = 4; lastKnownFileType = sourcecode.c.objc; path = MoviesListCollectionViewController.m; sourceTree = "<group>"; };
		A6807DB61A5A756500D2DCF3 /* MoviesListCollectionViewCell.h */ = {isa = PBXFileReference; fileEncoding = 4; lastKnownFileType = sourcecode.c.h; path = MoviesListCollectionViewCell.h; sourceTree = "<group>"; };
		A6807DB71A5A756500D2DCF3 /* MoviesListCollectionViewCell.m */ = {isa = PBXFileReference; fileEncoding = 4; lastKnownFileType = sourcecode.c.objc; path = MoviesListCollectionViewCell.m; sourceTree = "<group>"; };
		A6807DBA1A5A7B4000D2DCF3 /* Base */ = {isa = PBXFileReference; lastKnownFileType = file.storyboard; name = Base; path = Base.lproj/Main.storyboard; sourceTree = "<group>"; };
		A6807DBC1A5A88F300D2DCF3 /* HeaderCollectionReusableView.h */ = {isa = PBXFileReference; fileEncoding = 4; lastKnownFileType = sourcecode.c.h; path = HeaderCollectionReusableView.h; sourceTree = "<group>"; };
		A6807DBD1A5A88F300D2DCF3 /* HeaderCollectionReusableView.m */ = {isa = PBXFileReference; fileEncoding = 4; lastKnownFileType = sourcecode.c.objc; path = HeaderCollectionReusableView.m; sourceTree = "<group>"; };
		A6807DBF1A5AE30500D2DCF3 /* MoviePlayingViewController.h */ = {isa = PBXFileReference; fileEncoding = 4; lastKnownFileType = sourcecode.c.h; path = MoviePlayingViewController.h; sourceTree = "<group>"; };
		A6807DC01A5AE30500D2DCF3 /* MoviePlayingViewController.m */ = {isa = PBXFileReference; fileEncoding = 4; lastKnownFileType = sourcecode.c.objc; path = MoviePlayingViewController.m; sourceTree = "<group>"; };
		A689619C1A29EF6300DC7E87 /* MoviesOwl.app */ = {isa = PBXFileReference; explicitFileType = wrapper.application; includeInIndex = 0; path = MoviesOwl.app; sourceTree = BUILT_PRODUCTS_DIR; };
		A68961A01A29EF6300DC7E87 /* Info.plist */ = {isa = PBXFileReference; lastKnownFileType = text.plist.xml; path = Info.plist; sourceTree = "<group>"; };
		A68961A11A29EF6300DC7E87 /* main.m */ = {isa = PBXFileReference; lastKnownFileType = sourcecode.c.objc; path = main.m; sourceTree = "<group>"; };
		A68961A31A29EF6300DC7E87 /* AppDelegate.h */ = {isa = PBXFileReference; lastKnownFileType = sourcecode.c.h; path = AppDelegate.h; sourceTree = "<group>"; };
		A68961A41A29EF6300DC7E87 /* AppDelegate.m */ = {isa = PBXFileReference; lastKnownFileType = sourcecode.c.objc; path = AppDelegate.m; sourceTree = "<group>"; };
		A68961AF1A29EF6300DC7E87 /* Images.xcassets */ = {isa = PBXFileReference; lastKnownFileType = folder.assetcatalog; path = Images.xcassets; sourceTree = "<group>"; };
		A68961B21A29EF6300DC7E87 /* Base */ = {isa = PBXFileReference; lastKnownFileType = file.xib; name = Base; path = Base.lproj/LaunchScreen.xib; sourceTree = "<group>"; };
		A68961B81A29EF6300DC7E87 /* MoviesOwlTests.xctest */ = {isa = PBXFileReference; explicitFileType = wrapper.cfbundle; includeInIndex = 0; path = MoviesOwlTests.xctest; sourceTree = BUILT_PRODUCTS_DIR; };
		A68961BD1A29EF6300DC7E87 /* Info.plist */ = {isa = PBXFileReference; lastKnownFileType = text.plist.xml; path = Info.plist; sourceTree = "<group>"; };
		A68961BE1A29EF6300DC7E87 /* MoviesOwlTests.m */ = {isa = PBXFileReference; lastKnownFileType = sourcecode.c.objc; path = MoviesOwlTests.m; sourceTree = "<group>"; };
		A68961CC1A29F89800DC7E87 /* MovieListTableViewCell.h */ = {isa = PBXFileReference; fileEncoding = 4; lastKnownFileType = sourcecode.c.h; name = MovieListTableViewCell.h; path = ../MovieListTableViewCell.h; sourceTree = "<group>"; };
		A68961CD1A29F89800DC7E87 /* MovieListTableViewCell.m */ = {isa = PBXFileReference; fileEncoding = 4; lastKnownFileType = sourcecode.c.objc; name = MovieListTableViewCell.m; path = ../MovieListTableViewCell.m; sourceTree = "<group>"; };
		A68961CF1A29F9AE00DC7E87 /* MovieListTableViewController.h */ = {isa = PBXFileReference; fileEncoding = 4; lastKnownFileType = sourcecode.c.h; path = MovieListTableViewController.h; sourceTree = "<group>"; };
		A68961D01A29F9AE00DC7E87 /* MovieListTableViewController.m */ = {isa = PBXFileReference; fileEncoding = 4; lastKnownFileType = sourcecode.c.objc; path = MovieListTableViewController.m; sourceTree = "<group>"; };
		E99DCF395EEDE0707CABF9EE /* libPods.a */ = {isa = PBXFileReference; explicitFileType = archive.ar; includeInIndex = 0; path = libPods.a; sourceTree = BUILT_PRODUCTS_DIR; };
/* End PBXFileReference section */

/* Begin PBXFrameworksBuildPhase section */
		A68961991A29EF6200DC7E87 /* Frameworks */ = {
			isa = PBXFrameworksBuildPhase;
			buildActionMask = 2147483647;
			files = (
				859D4BABEDC3B392C1318D9D /* libPods.a in Frameworks */,
			);
			runOnlyForDeploymentPostprocessing = 0;
		};
		A68961B51A29EF6300DC7E87 /* Frameworks */ = {
			isa = PBXFrameworksBuildPhase;
			buildActionMask = 2147483647;
			files = (
			);
			runOnlyForDeploymentPostprocessing = 0;
		};
/* End PBXFrameworksBuildPhase section */

/* Begin PBXGroup section */
		4960CC9A91DE0FF79D29B588 /* Pods */ = {
			isa = PBXGroup;
			children = (
				9914359D19C8526F7279FB6D /* Pods.debug.xcconfig */,
				6A13E0B1F62C7BCD1771ABEF /* Pods.release.xcconfig */,
			);
			name = Pods;
			sourceTree = "<group>";
		};
		9B0D2A2FB137CAB75CE80601 /* Frameworks */ = {
			isa = PBXGroup;
			children = (
				E99DCF395EEDE0707CABF9EE /* libPods.a */,
			);
			name = Frameworks;
			sourceTree = "<group>";
		};
		A6807DAA1A59490300D2DCF3 /* Sessions */ = {
			isa = PBXGroup;
			children = (
				A6807DA41A5945D900D2DCF3 /* SessionsTableViewController.h */,
				A6807DA51A5945D900D2DCF3 /* SessionsTableViewController.m */,
			);
			name = Sessions;
			sourceTree = "<group>";
		};
		A6807DAE1A5949A200D2DCF3 /* Movie */ = {
			isa = PBXGroup;
			children = (
				A6807DBF1A5AE30500D2DCF3 /* MoviePlayingViewController.h */,
				A6807DC01A5AE30500D2DCF3 /* MoviePlayingViewController.m */,
				A6807DAB1A59499B00D2DCF3 /* MovieTableViewController.h */,
				A6807DAC1A59499B00D2DCF3 /* MovieTableViewController.m */,
				A6807DA71A59468B00D2DCF3 /* SessionTableViewCell.h */,
				A6807DA81A59468B00D2DCF3 /* SessionTableViewCell.m */,
			);
			name = Movie;
			sourceTree = "<group>";
		};
		A6807DAF1A5949AF00D2DCF3 /* Movies */ = {
			isa = PBXGroup;
			children = (
				A68961CC1A29F89800DC7E87 /* MovieListTableViewCell.h */,
				A68961CD1A29F89800DC7E87 /* MovieListTableViewCell.m */,
				A68961CF1A29F9AE00DC7E87 /* MovieListTableViewController.h */,
				A68961D01A29F9AE00DC7E87 /* MovieListTableViewController.m */,
			);
			name = Movies;
			sourceTree = "<group>";
		};
		A6807DC21A5AE83300D2DCF3 /* Cinema */ = {
			isa = PBXGroup;
			children = (
				A6807D9C1A58D0E800D2DCF3 /* CinemaListTableViewCell.m */,
				A661E8241A2C99E90064AE56 /* HeaderTableViewCell.h */,
				A661E8251A2C99E90064AE56 /* HeaderTableViewCell.m */,
				A6807D981A58CFD900D2DCF3 /* CinemaListTableViewController.h */,
				A6807D991A58CFD900D2DCF3 /* CinemaListTableViewController.m */,
				A6807D9B1A58D0E800D2DCF3 /* CinemaListTableViewCell.h */,
			);
			name = Cinema;
			sourceTree = "<group>";
		};
		A68961931A29EF6200DC7E87 = {
			isa = PBXGroup;
			children = (
				A689619E1A29EF6300DC7E87 /* MoviesOwl */,
				A68961BB1A29EF6300DC7E87 /* MoviesOwlTests */,
				A689619D1A29EF6300DC7E87 /* Products */,
				4960CC9A91DE0FF79D29B588 /* Pods */,
				9B0D2A2FB137CAB75CE80601 /* Frameworks */,
			);
			sourceTree = "<group>";
		};
		A689619D1A29EF6300DC7E87 /* Products */ = {
			isa = PBXGroup;
			children = (
				A689619C1A29EF6300DC7E87 /* MoviesOwl.app */,
				A68961B81A29EF6300DC7E87 /* MoviesOwlTests.xctest */,
			);
			name = Products;
			sourceTree = "<group>";
		};
		A689619E1A29EF6300DC7E87 /* MoviesOwl */ = {
			isa = PBXGroup;
			children = (
				A6807DB91A5A7B4000D2DCF3 /* Main.storyboard */,
				A6807DBC1A5A88F300D2DCF3 /* HeaderCollectionReusableView.h */,
				A6807DBD1A5A88F300D2DCF3 /* HeaderCollectionReusableView.m */,
				A667EB9C1A2CA79A00DE5ADE /* ApiManager.h */,
				A667EB9D1A2CA79A00DE5ADE /* ApiManager.m */,
				A6807DAF1A5949AF00D2DCF3 /* Movies */,
				A68961A31A29EF6300DC7E87 /* AppDelegate.h */,
				A68961A41A29EF6300DC7E87 /* AppDelegate.m */,
				A6807DB61A5A756500D2DCF3 /* MoviesListCollectionViewCell.h */,
				A6807DB71A5A756500D2DCF3 /* MoviesListCollectionViewCell.m */,
				A6807DB31A5A74D900D2DCF3 /* MoviesListCollectionViewController.h */,
				A6807DB41A5A74D900D2DCF3 /* MoviesListCollectionViewController.m */,
				A6807DAE1A5949A200D2DCF3 /* Movie */,
				A6807DAA1A59490300D2DCF3 /* Sessions */,
				A6807DC21A5AE83300D2DCF3 /* Cinema */,
				A661E8161A2C8CCF0064AE56 /* owlicon.png */,
				A68961AF1A29EF6300DC7E87 /* Images.xcassets */,
				A68961B11A29EF6300DC7E87 /* LaunchScreen.xib */,
				A689619F1A29EF6300DC7E87 /* Supporting Files */,
			);
			path = MoviesOwl;
			sourceTree = "<group>";
		};
		A689619F1A29EF6300DC7E87 /* Supporting Files */ = {
			isa = PBXGroup;
			children = (
				A68961A01A29EF6300DC7E87 /* Info.plist */,
				A68961A11A29EF6300DC7E87 /* main.m */,
			);
			name = "Supporting Files";
			sourceTree = "<group>";
		};
		A68961BB1A29EF6300DC7E87 /* MoviesOwlTests */ = {
			isa = PBXGroup;
			children = (
				A68961BE1A29EF6300DC7E87 /* MoviesOwlTests.m */,
				A68961BC1A29EF6300DC7E87 /* Supporting Files */,
			);
			path = MoviesOwlTests;
			sourceTree = "<group>";
		};
		A68961BC1A29EF6300DC7E87 /* Supporting Files */ = {
			isa = PBXGroup;
			children = (
				A68961BD1A29EF6300DC7E87 /* Info.plist */,
			);
			name = "Supporting Files";
			sourceTree = "<group>";
		};
/* End PBXGroup section */

/* Begin PBXNativeTarget section */
		A689619B1A29EF6200DC7E87 /* MoviesOwl */ = {
			isa = PBXNativeTarget;
			buildConfigurationList = A68961C21A29EF6300DC7E87 /* Build configuration list for PBXNativeTarget "MoviesOwl" */;
			buildPhases = (
				8B73F77CB66EFA65B0512F77 /* Check Pods Manifest.lock */,
				A68961981A29EF6200DC7E87 /* Sources */,
				A68961991A29EF6200DC7E87 /* Frameworks */,
				A689619A1A29EF6200DC7E87 /* Resources */,
				B00F6208148C72049909AC5F /* Copy Pods Resources */,
			);
			buildRules = (
			);
			dependencies = (
			);
			name = MoviesOwl;
			productName = MoviesOwl;
			productReference = A689619C1A29EF6300DC7E87 /* MoviesOwl.app */;
			productType = "com.apple.product-type.application";
		};
		A68961B71A29EF6300DC7E87 /* MoviesOwlTests */ = {
			isa = PBXNativeTarget;
			buildConfigurationList = A68961C51A29EF6300DC7E87 /* Build configuration list for PBXNativeTarget "MoviesOwlTests" */;
			buildPhases = (
				A68961B41A29EF6300DC7E87 /* Sources */,
				A68961B51A29EF6300DC7E87 /* Frameworks */,
				A68961B61A29EF6300DC7E87 /* Resources */,
			);
			buildRules = (
			);
			dependencies = (
				A68961BA1A29EF6300DC7E87 /* PBXTargetDependency */,
			);
			name = MoviesOwlTests;
			productName = MoviesOwlTests;
			productReference = A68961B81A29EF6300DC7E87 /* MoviesOwlTests.xctest */;
			productType = "com.apple.product-type.bundle.unit-test";
		};
/* End PBXNativeTarget section */

/* Begin PBXProject section */
		A68961941A29EF6200DC7E87 /* Project object */ = {
			isa = PBXProject;
			attributes = {
				LastUpgradeCheck = 0610;
				ORGANIZATIONNAME = leinvaim;
				TargetAttributes = {
					A689619B1A29EF6200DC7E87 = {
						CreatedOnToolsVersion = 6.1;
						DevelopmentTeam = 64N72G6KP2;
					};
					A68961B71A29EF6300DC7E87 = {
						CreatedOnToolsVersion = 6.1;
						TestTargetID = A689619B1A29EF6200DC7E87;
					};
				};
			};
			buildConfigurationList = A68961971A29EF6200DC7E87 /* Build configuration list for PBXProject "MoviesOwl" */;
			compatibilityVersion = "Xcode 3.2";
			developmentRegion = English;
			hasScannedForEncodings = 0;
			knownRegions = (
				en,
				Base,
			);
			mainGroup = A68961931A29EF6200DC7E87;
			productRefGroup = A689619D1A29EF6300DC7E87 /* Products */;
			projectDirPath = "";
			projectRoot = "";
			targets = (
				A689619B1A29EF6200DC7E87 /* MoviesOwl */,
				A68961B71A29EF6300DC7E87 /* MoviesOwlTests */,
			);
		};
/* End PBXProject section */

/* Begin PBXResourcesBuildPhase section */
		A689619A1A29EF6200DC7E87 /* Resources */ = {
			isa = PBXResourcesBuildPhase;
			buildActionMask = 2147483647;
			files = (
				A661E8171A2C8CCF0064AE56 /* owlicon.png in Resources */,
				A6807DBB1A5A7B4000D2DCF3 /* Main.storyboard in Resources */,
				A68961B31A29EF6300DC7E87 /* LaunchScreen.xib in Resources */,
				A68961B01A29EF6300DC7E87 /* Images.xcassets in Resources */,
			);
			runOnlyForDeploymentPostprocessing = 0;
		};
		A68961B61A29EF6300DC7E87 /* Resources */ = {
			isa = PBXResourcesBuildPhase;
			buildActionMask = 2147483647;
			files = (
			);
			runOnlyForDeploymentPostprocessing = 0;
		};
/* End PBXResourcesBuildPhase section */

/* Begin PBXShellScriptBuildPhase section */
		8B73F77CB66EFA65B0512F77 /* Check Pods Manifest.lock */ = {
			isa = PBXShellScriptBuildPhase;
			buildActionMask = 2147483647;
			files = (
			);
			inputPaths = (
			);
			name = "Check Pods Manifest.lock";
			outputPaths = (
			);
			runOnlyForDeploymentPostprocessing = 0;
			shellPath = /bin/sh;
			shellScript = "diff \"${PODS_ROOT}/../Podfile.lock\" \"${PODS_ROOT}/Manifest.lock\" > /dev/null\nif [[ $? != 0 ]] ; then\n    cat << EOM\nerror: The sandbox is not in sync with the Podfile.lock. Run 'pod install' or update your CocoaPods installation.\nEOM\n    exit 1\nfi\n";
			showEnvVarsInLog = 0;
		};
		B00F6208148C72049909AC5F /* Copy Pods Resources */ = {
			isa = PBXShellScriptBuildPhase;
			buildActionMask = 2147483647;
			files = (
			);
			inputPaths = (
			);
			name = "Copy Pods Resources";
			outputPaths = (
			);
			runOnlyForDeploymentPostprocessing = 0;
			shellPath = /bin/sh;
			shellScript = "\"${SRCROOT}/Pods/Target Support Files/Pods/Pods-resources.sh\"\n";
			showEnvVarsInLog = 0;
		};
/* End PBXShellScriptBuildPhase section */

/* Begin PBXSourcesBuildPhase section */
		A68961981A29EF6200DC7E87 /* Sources */ = {
			isa = PBXSourcesBuildPhase;
			buildActionMask = 2147483647;
			files = (
				A68961D11A29F9AE00DC7E87 /* MovieListTableViewController.m in Sources */,
				A6807DB51A5A74D900D2DCF3 /* MoviesListCollectionViewController.m in Sources */,
				A6807DC11A5AE30500D2DCF3 /* MoviePlayingViewController.m in Sources */,
				A661E8261A2C99E90064AE56 /* HeaderTableViewCell.m in Sources */,
				A6807D9A1A58CFD900D2DCF3 /* CinemaListTableViewController.m in Sources */,
				A68961A51A29EF6300DC7E87 /* AppDelegate.m in Sources */,
				A6807DAD1A59499B00D2DCF3 /* MovieTableViewController.m in Sources */,
				A667EB9E1A2CA79A00DE5ADE /* ApiManager.m in Sources */,
				A6807DA61A5945D900D2DCF3 /* SessionsTableViewController.m in Sources */,
				A6807DBE1A5A88F300D2DCF3 /* HeaderCollectionReusableView.m in Sources */,
				A6807DA91A59468B00D2DCF3 /* SessionTableViewCell.m in Sources */,
				A68961CE1A29F89800DC7E87 /* MovieListTableViewCell.m in Sources */,
				A6807D9D1A58D0E800D2DCF3 /* CinemaListTableViewCell.m in Sources */,
				A6807DB81A5A756500D2DCF3 /* MoviesListCollectionViewCell.m in Sources */,
				A68961A21A29EF6300DC7E87 /* main.m in Sources */,
			);
			runOnlyForDeploymentPostprocessing = 0;
		};
		A68961B41A29EF6300DC7E87 /* Sources */ = {
			isa = PBXSourcesBuildPhase;
			buildActionMask = 2147483647;
			files = (
				A68961BF1A29EF6300DC7E87 /* MoviesOwlTests.m in Sources */,
			);
			runOnlyForDeploymentPostprocessing = 0;
		};
/* End PBXSourcesBuildPhase section */

/* Begin PBXTargetDependency section */
		A68961BA1A29EF6300DC7E87 /* PBXTargetDependency */ = {
			isa = PBXTargetDependency;
			target = A689619B1A29EF6200DC7E87 /* MoviesOwl */;
			targetProxy = A68961B91A29EF6300DC7E87 /* PBXContainerItemProxy */;
		};
/* End PBXTargetDependency section */

/* Begin PBXVariantGroup section */
		A6807DB91A5A7B4000D2DCF3 /* Main.storyboard */ = {
			isa = PBXVariantGroup;
			children = (
				A6807DBA1A5A7B4000D2DCF3 /* Base */,
			);
			name = Main.storyboard;
			sourceTree = "<group>";
		};
		A68961B11A29EF6300DC7E87 /* LaunchScreen.xib */ = {
			isa = PBXVariantGroup;
			children = (
				A68961B21A29EF6300DC7E87 /* Base */,
			);
			name = LaunchScreen.xib;
			sourceTree = "<group>";
		};
/* End PBXVariantGroup section */

/* Begin XCBuildConfiguration section */
		A68961C01A29EF6300DC7E87 /* Debug */ = {
			isa = XCBuildConfiguration;
			buildSettings = {
				ALWAYS_SEARCH_USER_PATHS = NO;
				CLANG_CXX_LANGUAGE_STANDARD = "gnu++0x";
				CLANG_CXX_LIBRARY = "libc++";
				CLANG_ENABLE_MODULES = YES;
				CLANG_ENABLE_OBJC_ARC = YES;
				CLANG_WARN_BOOL_CONVERSION = YES;
				CLANG_WARN_CONSTANT_CONVERSION = YES;
				CLANG_WARN_DIRECT_OBJC_ISA_USAGE = YES_ERROR;
				CLANG_WARN_EMPTY_BODY = YES;
				CLANG_WARN_ENUM_CONVERSION = YES;
				CLANG_WARN_INT_CONVERSION = YES;
				CLANG_WARN_OBJC_ROOT_CLASS = YES_ERROR;
				CLANG_WARN_UNREACHABLE_CODE = YES;
				CLANG_WARN__DUPLICATE_METHOD_MATCH = YES;
				"CODE_SIGN_IDENTITY[sdk=iphoneos*]" = "iPhone Developer";
				COPY_PHASE_STRIP = NO;
				ENABLE_STRICT_OBJC_MSGSEND = YES;
				GCC_C_LANGUAGE_STANDARD = gnu99;
				GCC_DYNAMIC_NO_PIC = NO;
				GCC_OPTIMIZATION_LEVEL = 0;
				GCC_PREPROCESSOR_DEFINITIONS = (
					"DEBUG=1",
					"$(inherited)",
				);
				GCC_SYMBOLS_PRIVATE_EXTERN = NO;
				GCC_WARN_64_TO_32_BIT_CONVERSION = YES;
				GCC_WARN_ABOUT_RETURN_TYPE = YES_ERROR;
				GCC_WARN_UNDECLARED_SELECTOR = YES;
				GCC_WARN_UNINITIALIZED_AUTOS = YES_AGGRESSIVE;
				GCC_WARN_UNUSED_FUNCTION = YES;
				GCC_WARN_UNUSED_VARIABLE = YES;
				IPHONEOS_DEPLOYMENT_TARGET = 8.1;
				MTL_ENABLE_DEBUG_INFO = YES;
				ONLY_ACTIVE_ARCH = YES;
				SDKROOT = iphoneos;
			};
			name = Debug;
		};
		A68961C11A29EF6300DC7E87 /* Release */ = {
			isa = XCBuildConfiguration;
			buildSettings = {
				ALWAYS_SEARCH_USER_PATHS = NO;
				CLANG_CXX_LANGUAGE_STANDARD = "gnu++0x";
				CLANG_CXX_LIBRARY = "libc++";
				CLANG_ENABLE_MODULES = YES;
				CLANG_ENABLE_OBJC_ARC = YES;
				CLANG_WARN_BOOL_CONVERSION = YES;
				CLANG_WARN_CONSTANT_CONVERSION = YES;
				CLANG_WARN_DIRECT_OBJC_ISA_USAGE = YES_ERROR;
				CLANG_WARN_EMPTY_BODY = YES;
				CLANG_WARN_ENUM_CONVERSION = YES;
				CLANG_WARN_INT_CONVERSION = YES;
				CLANG_WARN_OBJC_ROOT_CLASS = YES_ERROR;
				CLANG_WARN_UNREACHABLE_CODE = YES;
				CLANG_WARN__DUPLICATE_METHOD_MATCH = YES;
				"CODE_SIGN_IDENTITY[sdk=iphoneos*]" = "iPhone Developer";
				COPY_PHASE_STRIP = YES;
				ENABLE_NS_ASSERTIONS = NO;
				ENABLE_STRICT_OBJC_MSGSEND = YES;
				GCC_C_LANGUAGE_STANDARD = gnu99;
				GCC_WARN_64_TO_32_BIT_CONVERSION = YES;
				GCC_WARN_ABOUT_RETURN_TYPE = YES_ERROR;
				GCC_WARN_UNDECLARED_SELECTOR = YES;
				GCC_WARN_UNINITIALIZED_AUTOS = YES_AGGRESSIVE;
				GCC_WARN_UNUSED_FUNCTION = YES;
				GCC_WARN_UNUSED_VARIABLE = YES;
				IPHONEOS_DEPLOYMENT_TARGET = 8.1;
				MTL_ENABLE_DEBUG_INFO = NO;
				SDKROOT = iphoneos;
				VALIDATE_PRODUCT = YES;
			};
			name = Release;
		};
		A68961C31A29EF6300DC7E87 /* Debug */ = {
			isa = XCBuildConfiguration;
			baseConfigurationReference = 9914359D19C8526F7279FB6D /* Pods.debug.xcconfig */;
			buildSettings = {
				ASSETCATALOG_COMPILER_APPICON_NAME = AppIcon;
				CODE_SIGN_IDENTITY = "iPhone Developer";
				"CODE_SIGN_IDENTITY[sdk=iphoneos*]" = "iPhone Developer";
				INFOPLIST_FILE = MoviesOwl/Info.plist;
				LD_RUNPATH_SEARCH_PATHS = "$(inherited) @executable_path/Frameworks";
				PRODUCT_NAME = "$(TARGET_NAME)";
				PROVISIONING_PROFILE = "";
			};
			name = Debug;
		};
		A68961C41A29EF6300DC7E87 /* Release */ = {
			isa = XCBuildConfiguration;
			baseConfigurationReference = 6A13E0B1F62C7BCD1771ABEF /* Pods.release.xcconfig */;
			buildSettings = {
				ASSETCATALOG_COMPILER_APPICON_NAME = AppIcon;
				CODE_SIGN_IDENTITY = "iPhone Developer";
				"CODE_SIGN_IDENTITY[sdk=iphoneos*]" = "iPhone Developer";
				INFOPLIST_FILE = MoviesOwl/Info.plist;
				LD_RUNPATH_SEARCH_PATHS = "$(inherited) @executable_path/Frameworks";
				PRODUCT_NAME = "$(TARGET_NAME)";
				PROVISIONING_PROFILE = "";
			};
			name = Release;
		};
		A68961C61A29EF6300DC7E87 /* Debug */ = {
			isa = XCBuildConfiguration;
			buildSettings = {
				BUNDLE_LOADER = "$(TEST_HOST)";
				FRAMEWORK_SEARCH_PATHS = (
					"$(SDKROOT)/Developer/Library/Frameworks",
					"$(inherited)",
				);
				GCC_PREPROCESSOR_DEFINITIONS = (
					"DEBUG=1",
					"$(inherited)",
				);
				INFOPLIST_FILE = MoviesOwlTests/Info.plist;
				LD_RUNPATH_SEARCH_PATHS = "$(inherited) @executable_path/Frameworks @loader_path/Frameworks";
				PRODUCT_NAME = "$(TARGET_NAME)";
				TEST_HOST = "$(BUILT_PRODUCTS_DIR)/MoviesOwl.app/MoviesOwl";
			};
			name = Debug;
		};
		A68961C71A29EF6300DC7E87 /* Release */ = {
			isa = XCBuildConfiguration;
			buildSettings = {
				BUNDLE_LOADER = "$(TEST_HOST)";
				FRAMEWORK_SEARCH_PATHS = (
					"$(SDKROOT)/Developer/Library/Frameworks",
					"$(inherited)",
				);
				INFOPLIST_FILE = MoviesOwlTests/Info.plist;
				LD_RUNPATH_SEARCH_PATHS = "$(inherited) @executable_path/Frameworks @loader_path/Frameworks";
				PRODUCT_NAME = "$(TARGET_NAME)";
				TEST_HOST = "$(BUILT_PRODUCTS_DIR)/MoviesOwl.app/MoviesOwl";
			};
			name = Release;
		};
/* End XCBuildConfiguration section */

/* Begin XCConfigurationList section */
		A68961971A29EF6200DC7E87 /* Build configuration list for PBXProject "MoviesOwl" */ = {
			isa = XCConfigurationList;
			buildConfigurations = (
				A68961C01A29EF6300DC7E87 /* Debug */,
				A68961C11A29EF6300DC7E87 /* Release */,
			);
			defaultConfigurationIsVisible = 0;
			defaultConfigurationName = Release;
		};
		A68961C21A29EF6300DC7E87 /* Build configuration list for PBXNativeTarget "MoviesOwl" */ = {
			isa = XCConfigurationList;
			buildConfigurations = (
				A68961C31A29EF6300DC7E87 /* Debug */,
				A68961C41A29EF6300DC7E87 /* Release */,
			);
			defaultConfigurationIsVisible = 0;
			defaultConfigurationName = Release;
		};
		A68961C51A29EF6300DC7E87 /* Build configuration list for PBXNativeTarget "MoviesOwlTests" */ = {
			isa = XCConfigurationList;
			buildConfigurations = (
				A68961C61A29EF6300DC7E87 /* Debug */,
				A68961C71A29EF6300DC7E87 /* Release */,
			);
			defaultConfigurationIsVisible = 0;
			defaultConfigurationName = Release;
		};
/* End XCConfigurationList section */
	};
	rootObject = A68961941A29EF6200DC7E87 /* Project object */;
}
